<Solution>
  <Folder Name="/Task0/">
    <Project Path="Tyuiu.KaraschukNE.Sprint0/Tyuiu.KaraschukNE.Sprint0.Task0.csproj" />
  </Folder>
  <Folder Name="/Task1/">
    <Project Path="../Tyuiu.KaraschukNE.Sprint0.Task1/Tyuiu.KaraschukNE.Sprint0.Task1.csproj" Id="c932f5bf-a7cb-4d32-a624-1e6f3467d96e" />
  </Folder>
  <Folder Name="/Task2/">
    <Project Path="../Tyuiu.KaraschukNE.Sprint0.Task2/Tyuiu.KaraschukNE.Sprint0.Task2.csproj" Id="263c1324-1118-49e0-985e-dda4e86c2fe3" />
    <Project Path="namespace Tyuiu.KaraschukNE.Sprint0.Task2.Test/Tyuiu.KaraschukNE.Sprint0.Task2.Test.csproj" Id="8b1280b5-0070-4b42-bca3-b33c734cdf42" />
    <Project Path="Tyuiu.KaraschukNE.Sprint0.Task2,Lib/Tyuiu.KaraschukNE.Sprint0.Task2.Lib.csproj" Id="ce788dfa-ac5b-4689-b928-8ed66d34ee2a" />
  </Folder>
  <Folder Name="/Task3/">
    <Project Path="Tyuiu.KaraschukNE.Sprint0.Task3.Lib/Tyuiu.KaraschukNE.Sprint0.Task3.Lib.csproj" Id="a0abfb0a-0934-4c68-8d4b-4a1fcb2a52ae" />
    <Project Path="Tyuiu.KaraschukNE.Sprint0.Task3.Test/Tyuiu.KaraschukNE.Sprint0.Task3.Test.csproj" Id="dd7b480d-d80d-4164-8dfc-ba50cfff86cc" />
    <Project Path="Tyuiu.KaraschukNE.Sprint0.Task3/Tyuiu.KaraschukNE.Sprint0.Task3.csproj" Id="41bde2a0-1bf8-48bb-b80c-b78014980247" />
  </Folder>
  <Folder Name="/Task4/">
    <Project Path="Tyuiu.KaraschukNE.Sprint0.Task4.Lib/Tyuiu.KaraschukNE.Sprint0.Task4.Lib.csproj" Id="d6706e35-0c2d-4ef1-bbc0-f71bcdde6ef1" />
    <Project Path="Tyuiu.KaraschukNE.Sprint0.Task4.Test/Tyuiu.KaraschukNE.Sprint0.Task4.Test.csproj" Id="11b2e356-c033-44fe-90a3-5a8f90519142" />
    <Project Path="Tyuiu.KaraschukNE.Sprint0.Task4/Tyuiu.KaraschukNE.Sprint0.Task4.csproj" Id="94480581-5f54-444b-95fe-c0f399dff399" />
  </Folder>
  <Folder Name="/Task5/">
    <Project Path="Tyuiu.KaraschukNE.Sprint0.Task5.Lib/Tyuiu.KaraschukNE.Sprint0.Task5.Lib.csproj" Id="d83e085e-52bf-4b34-bc92-eaf9df3de559" />
    <Project Path="Tyuiu.KaraschukNE.Sprint0.Task5.Test/Tyuiu.KaraschukNE.Sprint0.Task5.Test.csproj" Id="022538bd-5fb3-429d-bac3-c32b7f77d391" />
    <Project Path="Tyuiu.KaraschukNE.Sprint0.Task5/Tyuiu.KaraschukNE.Sprint0.Task5.csproj" Id="46f8aeec-140f-4be2-be03-5be41f32ab4b" />
  </Folder>
  <Folder Name="/Task6/">
    <Project Path="Tyuiu.KaraschukNE.Sprint0.Task6.Lib/Tyuiu.KaraschukNE.Sprint0.Task6.Lib.csproj" Id="7a50b435-07f6-4980-8f12-ac8ad7835379" />
    <Project Path="Tyuiu.KaraschukNE.Sprint0.Task6.Test/Tyuiu.KaraschukNE.Sprint0.Task6.Test.csproj" Id="822424f1-59fb-42d5-872a-cf59e3f567c7" />
    <Project Path="Tyuiu.KaraschukNE.Sprint0.Task6/Tyuiu.KaraschukNE.Sprint0.Task6.csproj" Id="2b59e0bd-925d-41a0-bf4a-9a5300ecd9f1" />
  </Folder>
</Solution>
